PODS:
  - Flutter (1.0.0)
  - telephony (0.0.1):
    - Flutter

DEPENDENCIES:
  - Flutter (from `Flutter`)
  - telephony (from `.symlinks/plugins/telephony/ios`)

EXTERNAL SOURCES:
  Flutter:
    :path: Flutter
  telephony:
    :path: ".symlinks/plugins/telephony/ios"

SPEC CHECKSUMS:
  Flutter: 50d75fe2f02b26cc09d224853bb45737f8b3214a
  telephony: c41768fae9fb5495781b05a72004106ca33ec777

PODFILE CHECKSUM: aafe91acc616949ddb318b77800a7f51bffa2a4c

COCOAPODS: 1.11.2
